
Microsoft Visual Studio Solution File, Format Version 12.00
# Visual Studio Version 16
VisualStudioVersion = 16.0.29102.190
MinimumVisualStudioVersion = 10.0.40219.1
Project("{888888A0-9F3D-457C-B088-3A5042F75D52}") = "HTMLSpellTableSorter", "HTMLSpellTableSorter.pyproj", "{433617B6-F391-4FE4-9606-A1A4945CDA99}"
EndProject
Global
	GlobalSection(SolutionConfigurationPlatforms) = preSolution
		Debug|Any CPU = Debug|Any CPU
		Release|Any CPU = Release|Any CPU
	EndGlobalSection
	GlobalSection(ProjectConfigurationPlatforms) = postSolution
		{433617B6-F391-4FE4-9606-A1A4945CDA99}.Debug|Any CPU.ActiveCfg = Debug|Any CPU
		{433617B6-F391-4FE4-9606-A1A4945CDA99}.Release|Any CPU.ActiveCfg = Release|Any CPU
	EndGlobalSection
	GlobalSection(SolutionProperties) = preSolution
		HideSolutionNode = FALSE
	EndGlobalSection
	GlobalSection(ExtensibilityGlobals) = postSolution
		SolutionGuid = {E01BE8F7-499B-429C-9B7B-DB3B5D18842A}
	EndGlobalSection
EndGlobal
