
Microsoft Visual Studio Solution File, Format Version 12.00
# Visual Studio Version 16
VisualStudioVersion = 16.0.29102.190
MinimumVisualStudioVersion = 10.0.40219.1
Project("{888888A0-9F3D-457C-B088-3A5042F75D52}") = "DadJokes", "DadJokes\DadJokes.pyproj", "{7181EA62-37C3-41E3-BD11-6A3BC0874815}"
EndProject
Global
	GlobalSection(SolutionConfigurationPlatforms) = preSolution
		Debug|Any CPU = Debug|Any CPU
		Release|Any CPU = Release|Any CPU
	EndGlobalSection
	GlobalSection(ProjectConfigurationPlatforms) = postSolution
		{7181EA62-37C3-41E3-BD11-6A3BC0874815}.Debug|Any CPU.ActiveCfg = Debug|Any CPU
		{7181EA62-37C3-41E3-BD11-6A3BC0874815}.Release|Any CPU.ActiveCfg = Release|Any CPU
	EndGlobalSection
	GlobalSection(SolutionProperties) = preSolution
		HideSolutionNode = FALSE
	EndGlobalSection
	GlobalSection(ExtensibilityGlobals) = postSolution
		SolutionGuid = {C0C15A06-00E7-46F0-A132-FF08CD05237D}
	EndGlobalSection
EndGlobal
