
Microsoft Visual Studio Solution File, Format Version 12.00
# Visual Studio Version 16
VisualStudioVersion = 16.0.29102.190
MinimumVisualStudioVersion = 10.0.40219.1
Project("{888888A0-9F3D-457C-B088-3A5042F75D52}") = "HTTPStuff", "HTTPStuff\HTTPStuff.pyproj", "{A08B5EBC-69DE-4DB0-9315-EAE47A4612DD}"
EndProject
Global
	GlobalSection(SolutionConfigurationPlatforms) = preSolution
		Debug|Any CPU = Debug|Any CPU
		Release|Any CPU = Release|Any CPU
	EndGlobalSection
	GlobalSection(ProjectConfigurationPlatforms) = postSolution
		{A08B5EBC-69DE-4DB0-9315-EAE47A4612DD}.Debug|Any CPU.ActiveCfg = Debug|Any CPU
		{A08B5EBC-69DE-4DB0-9315-EAE47A4612DD}.Release|Any CPU.ActiveCfg = Release|Any CPU
	EndGlobalSection
	GlobalSection(SolutionProperties) = preSolution
		HideSolutionNode = FALSE
	EndGlobalSection
	GlobalSection(ExtensibilityGlobals) = postSolution
		SolutionGuid = {12A356B3-8F82-497A-A749-807124A73F2E}
	EndGlobalSection
EndGlobal
