
Microsoft Visual Studio Solution File, Format Version 12.00
# Visual Studio Version 16
VisualStudioVersion = 16.0.29102.190
MinimumVisualStudioVersion = 10.0.40219.1
Project("{888888A0-9F3D-457C-B088-3A5042F75D52}") = "DnDGenerators", "DnDGenerators.pyproj", "{6B0E145D-1A52-41B3-9081-811B93993824}"
EndProject
Global
	GlobalSection(SolutionConfigurationPlatforms) = preSolution
		Debug|Any CPU = Debug|Any CPU
		Release|Any CPU = Release|Any CPU
	EndGlobalSection
	GlobalSection(ProjectConfigurationPlatforms) = postSolution
		{6B0E145D-1A52-41B3-9081-811B93993824}.Debug|Any CPU.ActiveCfg = Debug|Any CPU
		{6B0E145D-1A52-41B3-9081-811B93993824}.Release|Any CPU.ActiveCfg = Release|Any CPU
	EndGlobalSection
	GlobalSection(SolutionProperties) = preSolution
		HideSolutionNode = FALSE
	EndGlobalSection
	GlobalSection(ExtensibilityGlobals) = postSolution
		SolutionGuid = {57B1A25B-1359-4808-91BF-A5503D24A909}
	EndGlobalSection
EndGlobal
