
Microsoft Visual Studio Solution File, Format Version 12.00
# Visual Studio Version 16
VisualStudioVersion = 16.0.29123.88
MinimumVisualStudioVersion = 10.0.40219.1
Project("{888888A0-9F3D-457C-B088-3A5042F75D52}") = "TypingGame", "TypingGame.pyproj", "{315EA402-D86F-448E-9D58-F9A29C3CA224}"
EndProject
Global
	GlobalSection(SolutionConfigurationPlatforms) = preSolution
		Debug|Any CPU = Debug|Any CPU
		Release|Any CPU = Release|Any CPU
	EndGlobalSection
	GlobalSection(ProjectConfigurationPlatforms) = postSolution
		{315EA402-D86F-448E-9D58-F9A29C3CA224}.Debug|Any CPU.ActiveCfg = Debug|Any CPU
		{315EA402-D86F-448E-9D58-F9A29C3CA224}.Release|Any CPU.ActiveCfg = Release|Any CPU
	EndGlobalSection
	GlobalSection(SolutionProperties) = preSolution
		HideSolutionNode = FALSE
	EndGlobalSection
	GlobalSection(ExtensibilityGlobals) = postSolution
		SolutionGuid = {991126D3-F93A-4F3A-AF06-8EBD293E66F0}
	EndGlobalSection
EndGlobal
