
Microsoft Visual Studio Solution File, Format Version 12.00
# Visual Studio Version 16
VisualStudioVersion = 16.0.29102.190
MinimumVisualStudioVersion = 10.0.40219.1
Project("{888888A0-9F3D-457C-B088-3A5042F75D52}") = "MathTest", "MathTest.pyproj", "{73F74FE3-31D6-4957-B0F1-81AF7B1D7A81}"
EndProject
Global
	GlobalSection(SolutionConfigurationPlatforms) = preSolution
		Debug|Any CPU = Debug|Any CPU
		Release|Any CPU = Release|Any CPU
	EndGlobalSection
	GlobalSection(ProjectConfigurationPlatforms) = postSolution
		{73F74FE3-31D6-4957-B0F1-81AF7B1D7A81}.Debug|Any CPU.ActiveCfg = Debug|Any CPU
		{73F74FE3-31D6-4957-B0F1-81AF7B1D7A81}.Release|Any CPU.ActiveCfg = Release|Any CPU
	EndGlobalSection
	GlobalSection(SolutionProperties) = preSolution
		HideSolutionNode = FALSE
	EndGlobalSection
	GlobalSection(ExtensibilityGlobals) = postSolution
		SolutionGuid = {9120D743-924B-4336-B66D-C296D5404C5C}
	EndGlobalSection
EndGlobal
