
Microsoft Visual Studio Solution File, Format Version 12.00
# Visual Studio Version 16
VisualStudioVersion = 16.0.29102.190
MinimumVisualStudioVersion = 10.0.40219.1
Project("{888888A0-9F3D-457C-B088-3A5042F75D52}") = "MyStock", "MyStock.pyproj", "{DC4515F0-5A2B-49F6-9621-296BD0F53691}"
EndProject
Global
	GlobalSection(SolutionConfigurationPlatforms) = preSolution
		Debug|Any CPU = Debug|Any CPU
		Release|Any CPU = Release|Any CPU
	EndGlobalSection
	GlobalSection(ProjectConfigurationPlatforms) = postSolution
		{DC4515F0-5A2B-49F6-9621-296BD0F53691}.Debug|Any CPU.ActiveCfg = Debug|Any CPU
		{DC4515F0-5A2B-49F6-9621-296BD0F53691}.Release|Any CPU.ActiveCfg = Release|Any CPU
	EndGlobalSection
	GlobalSection(SolutionProperties) = preSolution
		HideSolutionNode = FALSE
	EndGlobalSection
	GlobalSection(ExtensibilityGlobals) = postSolution
		SolutionGuid = {CC530BDC-4586-4FF4-944B-D2C2C032805E}
	EndGlobalSection
EndGlobal
